{
    "_meta": {
        "hash": {
            "sha256": "34e24f30ace7eb6ae880ff758eb2f1a0aca50f8753b3940b7c7e3bd82d5c667d"
        },
        "host-environment-markers": {
            "implementation_name": "cpython",
            "implementation_version": "3.5.3",
            "os_name": "posix",
            "platform_machine": "x86_64",
            "platform_python_implementation": "CPython",
            "platform_release": "4.9.0-5-amd64",
            "platform_system": "Linux",
            "platform_version": "#1 SMP Debian 4.9.65-3+deb9u2 (2018-01-04)",
            "python_full_version": "3.5.3",
            "python_version": "3.5",
            "sys_platform": "linux"
        },
        "pipfile-spec": 6,
        "requires": {
            "python_version": "3.5"
        },
        "sources": [
            {
                "name": "pypi",
                "url": "https://pypi.python.org/simple",
                "verify_ssl": true
            }
        ]
    },
    "default": {
        "astroid": {
            "hashes": [
                "sha256:db5cfc9af6e0b60cd07c19478fb54021fc20d2d189882fbcbc94fc69a8aecc58",
                "sha256:f0a0e386dbca9f93ea9f3ea6f32b37a24720502b7baa9cb17c3976a680d43a06"
            ],
            "version": "==1.6.1"
        },
        "certifi": {
            "hashes": [
                "sha256:14131608ad2fd56836d33a71ee60fa1c82bc9d2c8d98b7bdbc631fe1b3cd1296",
                "sha256:edbc3f203427eef571f79a7692bb160a2b0f7ccaa31953e99bd17e307cf63f7d"
            ],
            "version": "==2018.1.18"
        },
        "future": {
            "hashes": [
                "sha256:e39ced1ab767b5936646cedba8bcce582398233d6a627067d4c6a454c90cfedb"
            ],
            "version": "==0.16.0"
        },
        "isort": {
            "hashes": [
                "sha256:75e94757591197eb0afeb1f3b54f6517c1a26fecaeab2b373885739f63de3e66",
                "sha256:77502c541ad5c40a158932498bf6177bb663d8a2662b50f02a59b906419ba699",
                "sha256:34929af733faadf884da29d83e7df1884363b3cc647a48e000b3c5cc13d17549"
            ],
            "version": "==4.3.3"
        },
        "lazy-object-proxy": {
            "hashes": [
                "sha256:209615b0fe4624d79e50220ce3310ca1a9445fd8e6d3572a896e7f9146bbf019",
                "sha256:1b668120716eb7ee21d8a38815e5eb3bb8211117d9a90b0f8e21722c0758cc39",
                "sha256:cb924aa3e4a3fb644d0c463cad5bc2572649a6a3f68a7f8e4fbe44aaa6d77e4c",
                "sha256:2c1b21b44ac9beb0fc848d3993924147ba45c4ebc24be19825e57aabbe74a99e",
                "sha256:320ffd3de9699d3892048baee45ebfbbf9388a7d65d832d7e580243ade426d2b",
                "sha256:2df72ab12046a3496a92476020a1a0abf78b2a7db9ff4dc2036b8dd980203ae6",
                "sha256:27ea6fd1c02dcc78172a82fc37fcc0992a94e4cecf53cb6d73f11749825bd98b",
                "sha256:e5b9e8f6bda48460b7b143c3821b21b452cb3a835e6bbd5dd33aa0c8d3f5137d",
                "sha256:7661d401d60d8bf15bb5da39e4dd72f5d764c5aff5a86ef52a042506e3e970ff",
                "sha256:61a6cf00dcb1a7f0c773ed4acc509cb636af2d6337a08f362413c76b2b47a8dd",
                "sha256:bd6292f565ca46dee4e737ebcc20742e3b5be2b01556dafe169f6c65d088875f",
                "sha256:933947e8b4fbe617a51528b09851685138b49d511af0b6c0da2539115d6d4514",
                "sha256:d0fc7a286feac9077ec52a927fc9fe8fe2fabab95426722be4c953c9a8bede92",
                "sha256:7f3a2d740291f7f2c111d86a1c4851b70fb000a6c8883a59660d95ad57b9df35",
                "sha256:5276db7ff62bb7b52f77f1f51ed58850e315154249aceb42e7f4c611f0f847ff",
                "sha256:94223d7f060301b3a8c09c9b3bc3294b56b2188e7d8179c762a1cda72c979252",
                "sha256:6ae6c4cb59f199d8827c5a07546b2ab7e85d262acaccaacd49b62f53f7c456f7",
                "sha256:f460d1ceb0e4a5dcb2a652db0904224f367c9b3c1470d5a7683c0480e582468b",
                "sha256:e81ebf6c5ee9684be8f2c87563880f93eedd56dd2b6146d8a725b50b7e5adb0f",
                "sha256:81304b7d8e9c824d058087dcb89144842c8e0dea6d281c031f59f0acf66963d4",
                "sha256:ddc34786490a6e4ec0a855d401034cbd1242ef186c20d79d2166d6a4bd449577",
                "sha256:7bd527f36a605c914efca5d3d014170b2cb184723e423d26b1fb2fd9108e264d",
                "sha256:ab3ca49afcb47058393b0122428358d2fbe0408cf99f1b58b295cfeb4ed39109",
                "sha256:7cb54db3535c8686ea12e9535eb087d32421184eacc6939ef15ef50f83a5e7e2",
                "sha256:0ce34342b419bd8f018e6666bfef729aec3edf62345a53b537a4dcc115746a33",
                "sha256:e34b155e36fa9da7e1b7c738ed7767fc9491a62ec6af70fe9da4a057759edc2d",
                "sha256:50e3b9a464d5d08cc5227413db0d1c4707b6172e4d4d915c1c70e4de0bbff1f5",
                "sha256:27bf62cb2b1a2068d443ff7097ee33393f8483b570b475db8ebf7e1cba64f088",
                "sha256:eb91be369f945f10d3a49f5f9be8b3d0b93a4c2be8f8a5b83b0571b8123e0a7a"
            ],
            "version": "==1.3.1"
        },
        "mccabe": {
            "hashes": [
                "sha256:ab8a6258860da4b6677da4bd2fe5dc2c659cff31b3ee4f7f5d64e79735b80d42",
                "sha256:dd8d182285a0fe56bace7f45b5e7d1a6ebcbf524e8f3bd87eb0f125271b8831f"
            ],
            "version": "==0.6.1"
        },
        "pygresql": {
            "hashes": [
                "sha256:81af9a78e34ec16ef2556db3b8e0b6e7aa7730ff2f5bd408242291697c53bbcb",
                "sha256:edde6e483f348da7c72af25977bc2bb65308e83b865458d1aa0c20b3d91161da",
                "sha256:68b894279d4a9baedb2c913f49d6477038b18d6b93f7429686795ec0f869846e",
                "sha256:f70d069084375685db5db63f719894b5fd9aaa339a87a3cb1cec3d6fd2b4173d",
                "sha256:75cb1f009313002eb3ce192828efcf7aad791ae8ea0372c60941ee23b37017ab",
                "sha256:9b07c756432ee51c110ea21fb53250c654ebcecea521a0bb51e58c3a61d80903",
                "sha256:17149887926d4f174e507201e8f9a286b03cde5fe422508fa05e28e5e9361098",
                "sha256:c1c3102d5766a1a2f396a720bbea96f6b8a9b88b50d4c1b268445b2afd3beab9",
                "sha256:6eac8b7625902a5cee02b24a546ae1e1ecfe1a623adbb606ddd8b3a5c18b7f15",
                "sha256:3772ed37154003da6c52c37c775e64b858419f2d567f8c5df02184f48ccfe4ac",
                "sha256:c60eb9ee3cd4477d9bf0aa376989805ae11f825cef1bbef3e703ae462059d4f2",
                "sha256:c3be810baca8dd624e29972c8413e47979a8692e90fe6e60be37233eb5a2d857",
                "sha256:160f919ed53cfd31d2f40df1eca59011ab6d6cee1da64f2c9dd33c8db64b0a14",
                "sha256:2c229f27b25e23302dcbbc5eb9421c442c29683382b855bc3a1dde24d94fb086",
                "sha256:fb460ef73d42a94880bcdd5b95ce7ca331c5b0f8b9a1b3f5c0ffd84e40e65c67",
                "sha256:e31bdc74177b1a232d252a3b255919d63d15e475ee56916035bbc790be608aa3",
                "sha256:74e9b256d18424f8adb0fb7762f5a6d622ddd265004cb821f61698436b3a500b",
                "sha256:12a349c60c95657090831b91b80c82b3871ef8a0f7010787af167cf42daaed39",
                "sha256:26e0b01b3752be3c3c7878b9e75e4a7f81062ae8a065f98a9baf2338b37300a3",
                "sha256:fb964e37f216fdb3b95eeaf96afc12942e4e8b75ef7ad22ecd644647a8ed35c5",
                "sha256:66a17e128d4ae9c10039df063e10276bb35d49e205b78fb9bd356a6094885517"
            ],
            "version": "==5.0.4"
        },
        "pylint": {
            "hashes": [
                "sha256:948679535a28afc54afb9210dabc6973305409042ece8e5768ca1409910c1ed8",
                "sha256:1f65b3815c3bf7524b845711d54c4242e4057dd93826586620239ecdfe591fb1"
            ],
            "version": "==1.7.4"
        },
        "python-telegram-bot": {
            "hashes": [
                "sha256:997983e5082dc6aa811bce3a6014731201fc64b0a9c02fdb26beac686029d94b",
                "sha256:238c4a88b09d93c52d413bcf7e7fe14dfeb02f5f9222ffe4cafd4bd3d55489a3"
            ],
            "version": "==8.1.1"
        },
        "six": {
            "hashes": [
                "sha256:832dc0e10feb1aa2c68dcc57dbb658f1c7e65b9b61af69048abc87a2db00a0eb",
                "sha256:70e8a77beed4562e7f14fe23a786b54f6296e34344c23bc42f07b15018ff98e9"
            ],
            "version": "==1.11.0"
        },
        "wrapt": {
            "hashes": [
                "sha256:d4d560d479f2c21e1b5443bbd15fe7ec4b37fe7e53d335d3b9b0a7b1226fe3c6"
            ],
            "version": "==1.10.11"
        }
    },
    "develop": {}
}
